
Microsoft Visual Studio Solution File, Format Version 12.00
# Visual Studio Version 17
VisualStudioVersion = 17.0.32014.148
MinimumVisualStudioVersion = 10.0.40219.1
Project("{FAE04EC0-301F-11D3-BF4B-00C04F79EFBC}") = "Day 2 evening 25jan2022 project 4", "Day 2 evening 25jan2022 project 4\Day 2 evening 25jan2022 project 4.csproj", "{574A2A92-BE6B-4475-92FC-BF3ABC8B5865}"
EndProject
Global
	GlobalSection(SolutionConfigurationPlatforms) = preSolution
		Debug|Any CPU = Debug|Any CPU
		Release|Any CPU = Release|Any CPU
	EndGlobalSection
	GlobalSection(ProjectConfigurationPlatforms) = postSolution
		{574A2A92-BE6B-4475-92FC-BF3ABC8B5865}.Debug|Any CPU.ActiveCfg = Debug|Any CPU
		{574A2A92-BE6B-4475-92FC-BF3ABC8B5865}.Debug|Any CPU.Build.0 = Debug|Any CPU
		{574A2A92-BE6B-4475-92FC-BF3ABC8B5865}.Release|Any CPU.ActiveCfg = Release|Any CPU
		{574A2A92-BE6B-4475-92FC-BF3ABC8B5865}.Release|Any CPU.Build.0 = Release|Any CPU
	EndGlobalSection
	GlobalSection(SolutionProperties) = preSolution
		HideSolutionNode = FALSE
	EndGlobalSection
	GlobalSection(ExtensibilityGlobals) = postSolution
		SolutionGuid = {E44FE244-0D4F-43E3-8916-B251F02B0E9F}
	EndGlobalSection
EndGlobal
