
Microsoft Visual Studio Solution File, Format Version 12.00
# Visual Studio Version 17
VisualStudioVersion = 17.0.32014.148
MinimumVisualStudioVersion = 10.0.40219.1
Project("{FAE04EC0-301F-11D3-BF4B-00C04F79EFBC}") = "Day 14 project 1", "Day 14 project 1\Day 14 project 1.csproj", "{C1B90D62-E47E-48B7-A755-F18823484DCC}"
EndProject
Global
	GlobalSection(SolutionConfigurationPlatforms) = preSolution
		Debug|Any CPU = Debug|Any CPU
		Release|Any CPU = Release|Any CPU
	EndGlobalSection
	GlobalSection(ProjectConfigurationPlatforms) = postSolution
		{C1B90D62-E47E-48B7-A755-F18823484DCC}.Debug|Any CPU.ActiveCfg = Debug|Any CPU
		{C1B90D62-E47E-48B7-A755-F18823484DCC}.Debug|Any CPU.Build.0 = Debug|Any CPU
		{C1B90D62-E47E-48B7-A755-F18823484DCC}.Release|Any CPU.ActiveCfg = Release|Any CPU
		{C1B90D62-E47E-48B7-A755-F18823484DCC}.Release|Any CPU.Build.0 = Release|Any CPU
	EndGlobalSection
	GlobalSection(SolutionProperties) = preSolution
		HideSolutionNode = FALSE
	EndGlobalSection
	GlobalSection(ExtensibilityGlobals) = postSolution
		SolutionGuid = {AD496DEE-C7A7-47C0-847F-51E4A8AC3D2B}
	EndGlobalSection
EndGlobal
