
Microsoft Visual Studio Solution File, Format Version 12.00
# Visual Studio Version 17
VisualStudioVersion = 17.0.32014.148
MinimumVisualStudioVersion = 10.0.40219.1
Project("{FAE04EC0-301F-11D3-BF4B-00C04F79EFBC}") = "Day 2 project 1", "Day 2 project 1\Day 2 project 1.csproj", "{041C426C-AEBC-44F4-998E-B9FA7C1041F5}"
EndProject
Global
	GlobalSection(SolutionConfigurationPlatforms) = preSolution
		Debug|Any CPU = Debug|Any CPU
		Release|Any CPU = Release|Any CPU
	EndGlobalSection
	GlobalSection(ProjectConfigurationPlatforms) = postSolution
		{041C426C-AEBC-44F4-998E-B9FA7C1041F5}.Debug|Any CPU.ActiveCfg = Debug|Any CPU
		{041C426C-AEBC-44F4-998E-B9FA7C1041F5}.Debug|Any CPU.Build.0 = Debug|Any CPU
		{041C426C-AEBC-44F4-998E-B9FA7C1041F5}.Release|Any CPU.ActiveCfg = Release|Any CPU
		{041C426C-AEBC-44F4-998E-B9FA7C1041F5}.Release|Any CPU.Build.0 = Release|Any CPU
	EndGlobalSection
	GlobalSection(SolutionProperties) = preSolution
		HideSolutionNode = FALSE
	EndGlobalSection
	GlobalSection(ExtensibilityGlobals) = postSolution
		SolutionGuid = {DCE869EB-607D-494B-A71C-50230328E374}
	EndGlobalSection
EndGlobal
