
Microsoft Visual Studio Solution File, Format Version 12.00
# Visual Studio Version 17
VisualStudioVersion = 17.0.32014.148
MinimumVisualStudioVersion = 10.0.40219.1
Project("{FAE04EC0-301F-11D3-BF4B-00C04F79EFBC}") = "Day 2 evening 25Jan2022 project 2", "Day 2 evening 25Jan2022 project 2\Day 2 evening 25Jan2022 project 2.csproj", "{63456B51-6D51-47F3-BB93-44B45997A025}"
EndProject
Global
	GlobalSection(SolutionConfigurationPlatforms) = preSolution
		Debug|Any CPU = Debug|Any CPU
		Release|Any CPU = Release|Any CPU
	EndGlobalSection
	GlobalSection(ProjectConfigurationPlatforms) = postSolution
		{63456B51-6D51-47F3-BB93-44B45997A025}.Debug|Any CPU.ActiveCfg = Debug|Any CPU
		{63456B51-6D51-47F3-BB93-44B45997A025}.Debug|Any CPU.Build.0 = Debug|Any CPU
		{63456B51-6D51-47F3-BB93-44B45997A025}.Release|Any CPU.ActiveCfg = Release|Any CPU
		{63456B51-6D51-47F3-BB93-44B45997A025}.Release|Any CPU.Build.0 = Release|Any CPU
	EndGlobalSection
	GlobalSection(SolutionProperties) = preSolution
		HideSolutionNode = FALSE
	EndGlobalSection
	GlobalSection(ExtensibilityGlobals) = postSolution
		SolutionGuid = {EBEE5967-3A4A-4B0D-B7AF-94347A355EF5}
	EndGlobalSection
EndGlobal
