
Microsoft Visual Studio Solution File, Format Version 12.00
# Visual Studio Version 17
VisualStudioVersion = 17.0.32014.148
MinimumVisualStudioVersion = 10.0.40219.1
Project("{FAE04EC0-301F-11D3-BF4B-00C04F79EFBC}") = "Day 2 evening 25jan2022 project 5", "Day 2 evening 25jan2022 project 5\Day 2 evening 25jan2022 project 5.csproj", "{52E4B73C-AC52-4796-A340-1AD77EA062EF}"
EndProject
Global
	GlobalSection(SolutionConfigurationPlatforms) = preSolution
		Debug|Any CPU = Debug|Any CPU
		Release|Any CPU = Release|Any CPU
	EndGlobalSection
	GlobalSection(ProjectConfigurationPlatforms) = postSolution
		{52E4B73C-AC52-4796-A340-1AD77EA062EF}.Debug|Any CPU.ActiveCfg = Debug|Any CPU
		{52E4B73C-AC52-4796-A340-1AD77EA062EF}.Debug|Any CPU.Build.0 = Debug|Any CPU
		{52E4B73C-AC52-4796-A340-1AD77EA062EF}.Release|Any CPU.ActiveCfg = Release|Any CPU
		{52E4B73C-AC52-4796-A340-1AD77EA062EF}.Release|Any CPU.Build.0 = Release|Any CPU
	EndGlobalSection
	GlobalSection(SolutionProperties) = preSolution
		HideSolutionNode = FALSE
	EndGlobalSection
	GlobalSection(ExtensibilityGlobals) = postSolution
		SolutionGuid = {926C9CA1-2F6C-4070-8AC0-67A70008D47A}
	EndGlobalSection
EndGlobal
