
Microsoft Visual Studio Solution File, Format Version 12.00
# Visual Studio Version 17
VisualStudioVersion = 17.0.32014.148
MinimumVisualStudioVersion = 10.0.40219.1
Project("{FAE04EC0-301F-11D3-BF4B-00C04F79EFBC}") = "Day 9 3rdFeb2022 project1", "Day 9 3rdFeb2022 project1\Day 9 3rdFeb2022 project1.csproj", "{72BC0372-3F35-4BC1-9BFB-424999404E28}"
EndProject
Global
	GlobalSection(SolutionConfigurationPlatforms) = preSolution
		Debug|Any CPU = Debug|Any CPU
		Release|Any CPU = Release|Any CPU
	EndGlobalSection
	GlobalSection(ProjectConfigurationPlatforms) = postSolution
		{72BC0372-3F35-4BC1-9BFB-424999404E28}.Debug|Any CPU.ActiveCfg = Debug|Any CPU
		{72BC0372-3F35-4BC1-9BFB-424999404E28}.Debug|Any CPU.Build.0 = Debug|Any CPU
		{72BC0372-3F35-4BC1-9BFB-424999404E28}.Release|Any CPU.ActiveCfg = Release|Any CPU
		{72BC0372-3F35-4BC1-9BFB-424999404E28}.Release|Any CPU.Build.0 = Release|Any CPU
	EndGlobalSection
	GlobalSection(SolutionProperties) = preSolution
		HideSolutionNode = FALSE
	EndGlobalSection
	GlobalSection(ExtensibilityGlobals) = postSolution
		SolutionGuid = {BD81484B-3BEC-401D-8B51-91205B5922FF}
	EndGlobalSection
EndGlobal
