
Microsoft Visual Studio Solution File, Format Version 12.00
# Visual Studio Version 17
VisualStudioVersion = 17.0.32014.148
MinimumVisualStudioVersion = 10.0.40219.1
Project("{FAE04EC0-301F-11D3-BF4B-00C04F79EFBC}") = "day 11 assignment", "day 11 assignment\day 11 assignment.csproj", "{66FBD3B9-2746-440B-B5BC-587ECB776D94}"
EndProject
Global
	GlobalSection(SolutionConfigurationPlatforms) = preSolution
		Debug|Any CPU = Debug|Any CPU
		Release|Any CPU = Release|Any CPU
	EndGlobalSection
	GlobalSection(ProjectConfigurationPlatforms) = postSolution
		{66FBD3B9-2746-440B-B5BC-587ECB776D94}.Debug|Any CPU.ActiveCfg = Debug|Any CPU
		{66FBD3B9-2746-440B-B5BC-587ECB776D94}.Debug|Any CPU.Build.0 = Debug|Any CPU
		{66FBD3B9-2746-440B-B5BC-587ECB776D94}.Release|Any CPU.ActiveCfg = Release|Any CPU
		{66FBD3B9-2746-440B-B5BC-587ECB776D94}.Release|Any CPU.Build.0 = Release|Any CPU
	EndGlobalSection
	GlobalSection(SolutionProperties) = preSolution
		HideSolutionNode = FALSE
	EndGlobalSection
	GlobalSection(ExtensibilityGlobals) = postSolution
		SolutionGuid = {F66FAA48-B952-4CB5-8FEC-AE5CE508D917}
	EndGlobalSection
EndGlobal
