
Microsoft Visual Studio Solution File, Format Version 12.00
# Visual Studio Version 17
VisualStudioVersion = 17.0.32014.148
MinimumVisualStudioVersion = 10.0.40219.1
Project("{FAE04EC0-301F-11D3-BF4B-00C04F79EFBC}") = "Day 2  evening 1 25jan2022", "Day 2  evening 1 25jan2022\Day 2  evening 1 25jan2022.csproj", "{0A06BA88-D00A-4BE8-BF40-EA533F26EDCF}"
EndProject
Global
	GlobalSection(SolutionConfigurationPlatforms) = preSolution
		Debug|Any CPU = Debug|Any CPU
		Release|Any CPU = Release|Any CPU
	EndGlobalSection
	GlobalSection(ProjectConfigurationPlatforms) = postSolution
		{0A06BA88-D00A-4BE8-BF40-EA533F26EDCF}.Debug|Any CPU.ActiveCfg = Debug|Any CPU
		{0A06BA88-D00A-4BE8-BF40-EA533F26EDCF}.Debug|Any CPU.Build.0 = Debug|Any CPU
		{0A06BA88-D00A-4BE8-BF40-EA533F26EDCF}.Release|Any CPU.ActiveCfg = Release|Any CPU
		{0A06BA88-D00A-4BE8-BF40-EA533F26EDCF}.Release|Any CPU.Build.0 = Release|Any CPU
	EndGlobalSection
	GlobalSection(SolutionProperties) = preSolution
		HideSolutionNode = FALSE
	EndGlobalSection
	GlobalSection(ExtensibilityGlobals) = postSolution
		SolutionGuid = {A5793F8A-9F91-4114-85C0-CF6BF077AB88}
	EndGlobalSection
EndGlobal
